
Microsoft Visual Studio Solution File, Format Version 12.00
# Visual Studio Version 16
VisualStudioVersion = 16.0.29306.81
MinimumVisualStudioVersion = 10.0.40219.1
Project("{FAE04EC0-301F-11D3-BF4B-00C04F79EFBC}") = "Bayshore.CodeTest", "Bayshore.CodeTest\Bayshore.CodeTest.csproj", "{F95B8631-42FF-45F1-81AE-F1A8C39EF4D1}"
EndProject
Global
	GlobalSection(SolutionConfigurationPlatforms) = preSolution
		Debug|Any CPU = Debug|Any CPU
		Release|Any CPU = Release|Any CPU
	EndGlobalSection
	GlobalSection(ProjectConfigurationPlatforms) = postSolution
		{F95B8631-42FF-45F1-81AE-F1A8C39EF4D1}.Debug|Any CPU.ActiveCfg = Debug|Any CPU
		{F95B8631-42FF-45F1-81AE-F1A8C39EF4D1}.Debug|Any CPU.Build.0 = Debug|Any CPU
		{F95B8631-42FF-45F1-81AE-F1A8C39EF4D1}.Release|Any CPU.ActiveCfg = Release|Any CPU
		{F95B8631-42FF-45F1-81AE-F1A8C39EF4D1}.Release|Any CPU.Build.0 = Release|Any CPU
	EndGlobalSection
	GlobalSection(SolutionProperties) = preSolution
		HideSolutionNode = FALSE
	EndGlobalSection
	GlobalSection(ExtensibilityGlobals) = postSolution
		SolutionGuid = {97698588-53D6-4E11-9486-879715424527}
	EndGlobalSection
EndGlobal
